{
  "name": "rail_mo_plus",
  "version": "1.0.0",
  "lockfileVersion": 3,
  "requires": true,
  "packages": {
    "": {
      "name": "rail_mo_plus",
      "version": "1.0.0",
      "license": "MIT",
      "dependencies": {
        "@minecraft/server": "^1.12.0"
      }
    },
    "node_modules/@minecraft/common": {
      "version": "1.2.0",
      "resolved": "https://registry.npmjs.org/@minecraft/common/-/common-1.2.0.tgz",
      "integrity": "sha512-JdmEq4P3Z/FtoBzhLijFgMSVFnFRrUoLwY8DHHrgtFo0mfLTOLTB1RErYjLMsA6b7BGVNxkX/pfFRiH7QZ0XwQ==",
      "license": "MIT"
    },
    "node_modules/@minecraft/server": {
      "version": "1.12.0",
      "resolved": "https://registry.npmjs.org/@minecraft/server/-/server-1.12.0.tgz",
      "integrity": "sha512-aBS3vEN4DyPU7g4dshuWBRTDpa8M6gOu5XAgyLcMVR756rwlUpRP/TUSDhGqrb3Sz2yY0q4MvG+/OqPYumFWSg==",
      "license": "MIT",
      "dependencies": {
        "@minecraft/common": "^1.1.0"
      }
    }
  }
}
